
Microsoft Visual Studio Solution File, Format Version 12.00
# Visual Studio Version 17
VisualStudioVersion = 17.10.35201.131
MinimumVisualStudioVersion = 10.0.40219.1
Project("{8BC9CEB8-8B4A-11D0-8D11-00A0C91BC942}") = "TemplateFunctions", "StandardTemplateLibrary.vcxproj", "{949B69CB-8E41-466D-95EA-8A88B801F72C}"
EndProject
Project("{8BC9CEB8-8B4A-11D0-8D11-00A0C91BC942}") = "ClassTemplates", "..\ClassTemplates\ClassTemplates.vcxproj", "{675C317A-7D89-458A-96B0-86AD630F02F6}"
EndProject
Project("{8BC9CEB8-8B4A-11D0-8D11-00A0C91BC942}") = "ClassTemplateaArray", "..\ClassTemplateaArray\ClassTemplateaArray.vcxproj", "{57B5A9DE-CEEF-4441-8AB4-41AB752C2812}"
EndProject
Project("{8BC9CEB8-8B4A-11D0-8D11-00A0C91BC942}") = "StandardTermplateLibraryIterator", "..\StandardTermplateLibraryIterator\StandardTermplateLibraryIterator.vcxproj", "{5FE4F9FF-56C6-4998-B0BF-CB3385FF4B95}"
EndProject
Project("{8BC9CEB8-8B4A-11D0-8D11-00A0C91BC942}") = "StandardTempleateLibrarySort", "..\StandardTempleateLibrarySort\StandardTempleateLibrarySort.vcxproj", "{3958982B-0D05-45F6-B01A-344257AB1D7C}"
EndProject
Project("{8BC9CEB8-8B4A-11D0-8D11-00A0C91BC942}") = "StandardTemplateLibraryBinarySearch", "..\StandardTemplateLibraryBinarySearch\StandardTemplateLibraryBinarySearch.vcxproj", "{27BA7766-E159-4B91-B205-B3CC6BF6E7DB}"
EndProject
Project("{8BC9CEB8-8B4A-11D0-8D11-00A0C91BC942}") = "StandartTemplateLibraryAll_Off", "..\StandartTemplateLibraryAll_Off\StandartTemplateLibraryAll_Off.vcxproj", "{682F3AF8-5AC9-4C41-8C7A-9DF7A136ECA6}"
EndProject
Project("{8BC9CEB8-8B4A-11D0-8D11-00A0C91BC942}") = "StandardTemplateLibraryPartitionOperators", "..\StandardTemplateLibraryPartitionOperators\StandardTemplateLibraryPartitionOperators.vcxproj", "{468014E6-B820-4AEC-8E95-C7893DC6AC46}"
EndProject
Project("{8BC9CEB8-8B4A-11D0-8D11-00A0C91BC942}") = "StandardTemplateLibraryValarray", "..\StandardTemplateLibraryValarray\StandardTemplateLibraryValarray.vcxproj", "{36256C2E-8F57-4C43-A4CA-1C916540784F}"
EndProject
Project("{8BC9CEB8-8B4A-11D0-8D11-00A0C91BC942}") = "StandardTemplateLibraryMap", "..\StandardTemplateLibraryMap\StandardTemplateLibraryMap.vcxproj", "{091B2BA2-615B-4FD6-9FC7-E028C3F232A9}"
EndProject
Project("{8BC9CEB8-8B4A-11D0-8D11-00A0C91BC942}") = "StandardTermplateLibraryFunctors", "..\StandardTermplateLibraryFunctors\StandardTermplateLibraryFunctors.vcxproj", "{2B325822-CC1C-48A9-8D3A-29A4765A2899}"
EndProject
Project("{8BC9CEB8-8B4A-11D0-8D11-00A0C91BC942}") = "StandardTemplateLibraryIterators", "..\StandardTemplateLibrary2\StandardTemplateLibrary2.vcxproj", "{69114731-2C98-4D29-827C-E941198E30ED}"
EndProject
Project("{8BC9CEB8-8B4A-11D0-8D11-00A0C91BC942}") = "StandardTemplateLibraryIteratos2", "..\StandardTemplateLibraryIteratos2\StandardTemplateLibraryIteratos2.vcxproj", "{7CC59ED5-2723-4C23-BF83-1B3AB3B42555}"
EndProject
Project("{8BC9CEB8-8B4A-11D0-8D11-00A0C91BC942}") = "StandardtemplateLibrarySet", "..\StandardtemplateLibrarySet\StandardtemplateLibrarySet.vcxproj", "{35E540E9-AA6F-47CD-9054-6C8110E6CB9D}"
EndProject
Global
	GlobalSection(SolutionConfigurationPlatforms) = preSolution
		Debug|x64 = Debug|x64
		Debug|x86 = Debug|x86
		Release|x64 = Release|x64
		Release|x86 = Release|x86
	EndGlobalSection
	GlobalSection(ProjectConfigurationPlatforms) = postSolution
		{949B69CB-8E41-466D-95EA-8A88B801F72C}.Debug|x64.ActiveCfg = Debug|x64
		{949B69CB-8E41-466D-95EA-8A88B801F72C}.Debug|x64.Build.0 = Debug|x64
		{949B69CB-8E41-466D-95EA-8A88B801F72C}.Debug|x86.ActiveCfg = Debug|Win32
		{949B69CB-8E41-466D-95EA-8A88B801F72C}.Debug|x86.Build.0 = Debug|Win32
		{949B69CB-8E41-466D-95EA-8A88B801F72C}.Release|x64.ActiveCfg = Release|x64
		{949B69CB-8E41-466D-95EA-8A88B801F72C}.Release|x64.Build.0 = Release|x64
		{949B69CB-8E41-466D-95EA-8A88B801F72C}.Release|x86.ActiveCfg = Release|Win32
		{949B69CB-8E41-466D-95EA-8A88B801F72C}.Release|x86.Build.0 = Release|Win32
		{675C317A-7D89-458A-96B0-86AD630F02F6}.Debug|x64.ActiveCfg = Debug|x64
		{675C317A-7D89-458A-96B0-86AD630F02F6}.Debug|x64.Build.0 = Debug|x64
		{675C317A-7D89-458A-96B0-86AD630F02F6}.Debug|x86.ActiveCfg = Debug|Win32
		{675C317A-7D89-458A-96B0-86AD630F02F6}.Debug|x86.Build.0 = Debug|Win32
		{675C317A-7D89-458A-96B0-86AD630F02F6}.Release|x64.ActiveCfg = Release|x64
		{675C317A-7D89-458A-96B0-86AD630F02F6}.Release|x64.Build.0 = Release|x64
		{675C317A-7D89-458A-96B0-86AD630F02F6}.Release|x86.ActiveCfg = Release|Win32
		{675C317A-7D89-458A-96B0-86AD630F02F6}.Release|x86.Build.0 = Release|Win32
		{57B5A9DE-CEEF-4441-8AB4-41AB752C2812}.Debug|x64.ActiveCfg = Debug|x64
		{57B5A9DE-CEEF-4441-8AB4-41AB752C2812}.Debug|x64.Build.0 = Debug|x64
		{57B5A9DE-CEEF-4441-8AB4-41AB752C2812}.Debug|x86.ActiveCfg = Debug|Win32
		{57B5A9DE-CEEF-4441-8AB4-41AB752C2812}.Debug|x86.Build.0 = Debug|Win32
		{57B5A9DE-CEEF-4441-8AB4-41AB752C2812}.Release|x64.ActiveCfg = Release|x64
		{57B5A9DE-CEEF-4441-8AB4-41AB752C2812}.Release|x64.Build.0 = Release|x64
		{57B5A9DE-CEEF-4441-8AB4-41AB752C2812}.Release|x86.ActiveCfg = Release|Win32
		{57B5A9DE-CEEF-4441-8AB4-41AB752C2812}.Release|x86.Build.0 = Release|Win32
		{5FE4F9FF-56C6-4998-B0BF-CB3385FF4B95}.Debug|x64.ActiveCfg = Debug|x64
		{5FE4F9FF-56C6-4998-B0BF-CB3385FF4B95}.Debug|x64.Build.0 = Debug|x64
		{5FE4F9FF-56C6-4998-B0BF-CB3385FF4B95}.Debug|x86.ActiveCfg = Debug|Win32
		{5FE4F9FF-56C6-4998-B0BF-CB3385FF4B95}.Debug|x86.Build.0 = Debug|Win32
		{5FE4F9FF-56C6-4998-B0BF-CB3385FF4B95}.Release|x64.ActiveCfg = Release|x64
		{5FE4F9FF-56C6-4998-B0BF-CB3385FF4B95}.Release|x64.Build.0 = Release|x64
		{5FE4F9FF-56C6-4998-B0BF-CB3385FF4B95}.Release|x86.ActiveCfg = Release|Win32
		{5FE4F9FF-56C6-4998-B0BF-CB3385FF4B95}.Release|x86.Build.0 = Release|Win32
		{3958982B-0D05-45F6-B01A-344257AB1D7C}.Debug|x64.ActiveCfg = Debug|x64
		{3958982B-0D05-45F6-B01A-344257AB1D7C}.Debug|x64.Build.0 = Debug|x64
		{3958982B-0D05-45F6-B01A-344257AB1D7C}.Debug|x86.ActiveCfg = Debug|Win32
		{3958982B-0D05-45F6-B01A-344257AB1D7C}.Debug|x86.Build.0 = Debug|Win32
		{3958982B-0D05-45F6-B01A-344257AB1D7C}.Release|x64.ActiveCfg = Release|x64
		{3958982B-0D05-45F6-B01A-344257AB1D7C}.Release|x64.Build.0 = Release|x64
		{3958982B-0D05-45F6-B01A-344257AB1D7C}.Release|x86.ActiveCfg = Release|Win32
		{3958982B-0D05-45F6-B01A-344257AB1D7C}.Release|x86.Build.0 = Release|Win32
		{27BA7766-E159-4B91-B205-B3CC6BF6E7DB}.Debug|x64.ActiveCfg = Debug|x64
		{27BA7766-E159-4B91-B205-B3CC6BF6E7DB}.Debug|x64.Build.0 = Debug|x64
		{27BA7766-E159-4B91-B205-B3CC6BF6E7DB}.Debug|x86.ActiveCfg = Debug|Win32
		{27BA7766-E159-4B91-B205-B3CC6BF6E7DB}.Debug|x86.Build.0 = Debug|Win32
		{27BA7766-E159-4B91-B205-B3CC6BF6E7DB}.Release|x64.ActiveCfg = Release|x64
		{27BA7766-E159-4B91-B205-B3CC6BF6E7DB}.Release|x64.Build.0 = Release|x64
		{27BA7766-E159-4B91-B205-B3CC6BF6E7DB}.Release|x86.ActiveCfg = Release|Win32
		{27BA7766-E159-4B91-B205-B3CC6BF6E7DB}.Release|x86.Build.0 = Release|Win32
		{682F3AF8-5AC9-4C41-8C7A-9DF7A136ECA6}.Debug|x64.ActiveCfg = Debug|x64
		{682F3AF8-5AC9-4C41-8C7A-9DF7A136ECA6}.Debug|x64.Build.0 = Debug|x64
		{682F3AF8-5AC9-4C41-8C7A-9DF7A136ECA6}.Debug|x86.ActiveCfg = Debug|Win32
		{682F3AF8-5AC9-4C41-8C7A-9DF7A136ECA6}.Debug|x86.Build.0 = Debug|Win32
		{682F3AF8-5AC9-4C41-8C7A-9DF7A136ECA6}.Release|x64.ActiveCfg = Release|x64
		{682F3AF8-5AC9-4C41-8C7A-9DF7A136ECA6}.Release|x64.Build.0 = Release|x64
		{682F3AF8-5AC9-4C41-8C7A-9DF7A136ECA6}.Release|x86.ActiveCfg = Release|Win32
		{682F3AF8-5AC9-4C41-8C7A-9DF7A136ECA6}.Release|x86.Build.0 = Release|Win32
		{468014E6-B820-4AEC-8E95-C7893DC6AC46}.Debug|x64.ActiveCfg = Debug|x64
		{468014E6-B820-4AEC-8E95-C7893DC6AC46}.Debug|x64.Build.0 = Debug|x64
		{468014E6-B820-4AEC-8E95-C7893DC6AC46}.Debug|x86.ActiveCfg = Debug|Win32
		{468014E6-B820-4AEC-8E95-C7893DC6AC46}.Debug|x86.Build.0 = Debug|Win32
		{468014E6-B820-4AEC-8E95-C7893DC6AC46}.Release|x64.ActiveCfg = Release|x64
		{468014E6-B820-4AEC-8E95-C7893DC6AC46}.Release|x64.Build.0 = Release|x64
		{468014E6-B820-4AEC-8E95-C7893DC6AC46}.Release|x86.ActiveCfg = Release|Win32
		{468014E6-B820-4AEC-8E95-C7893DC6AC46}.Release|x86.Build.0 = Release|Win32
		{36256C2E-8F57-4C43-A4CA-1C916540784F}.Debug|x64.ActiveCfg = Debug|x64
		{36256C2E-8F57-4C43-A4CA-1C916540784F}.Debug|x64.Build.0 = Debug|x64
		{36256C2E-8F57-4C43-A4CA-1C916540784F}.Debug|x86.ActiveCfg = Debug|Win32
		{36256C2E-8F57-4C43-A4CA-1C916540784F}.Debug|x86.Build.0 = Debug|Win32
		{36256C2E-8F57-4C43-A4CA-1C916540784F}.Release|x64.ActiveCfg = Release|x64
		{36256C2E-8F57-4C43-A4CA-1C916540784F}.Release|x64.Build.0 = Release|x64
		{36256C2E-8F57-4C43-A4CA-1C916540784F}.Release|x86.ActiveCfg = Release|Win32
		{36256C2E-8F57-4C43-A4CA-1C916540784F}.Release|x86.Build.0 = Release|Win32
		{091B2BA2-615B-4FD6-9FC7-E028C3F232A9}.Debug|x64.ActiveCfg = Debug|x64
		{091B2BA2-615B-4FD6-9FC7-E028C3F232A9}.Debug|x64.Build.0 = Debug|x64
		{091B2BA2-615B-4FD6-9FC7-E028C3F232A9}.Debug|x86.ActiveCfg = Debug|Win32
		{091B2BA2-615B-4FD6-9FC7-E028C3F232A9}.Debug|x86.Build.0 = Debug|Win32
		{091B2BA2-615B-4FD6-9FC7-E028C3F232A9}.Release|x64.ActiveCfg = Release|x64
		{091B2BA2-615B-4FD6-9FC7-E028C3F232A9}.Release|x64.Build.0 = Release|x64
		{091B2BA2-615B-4FD6-9FC7-E028C3F232A9}.Release|x86.ActiveCfg = Release|Win32
		{091B2BA2-615B-4FD6-9FC7-E028C3F232A9}.Release|x86.Build.0 = Release|Win32
		{2B325822-CC1C-48A9-8D3A-29A4765A2899}.Debug|x64.ActiveCfg = Debug|x64
		{2B325822-CC1C-48A9-8D3A-29A4765A2899}.Debug|x64.Build.0 = Debug|x64
		{2B325822-CC1C-48A9-8D3A-29A4765A2899}.Debug|x86.ActiveCfg = Debug|Win32
		{2B325822-CC1C-48A9-8D3A-29A4765A2899}.Debug|x86.Build.0 = Debug|Win32
		{2B325822-CC1C-48A9-8D3A-29A4765A2899}.Release|x64.ActiveCfg = Release|x64
		{2B325822-CC1C-48A9-8D3A-29A4765A2899}.Release|x64.Build.0 = Release|x64
		{2B325822-CC1C-48A9-8D3A-29A4765A2899}.Release|x86.ActiveCfg = Release|Win32
		{2B325822-CC1C-48A9-8D3A-29A4765A2899}.Release|x86.Build.0 = Release|Win32
		{69114731-2C98-4D29-827C-E941198E30ED}.Debug|x64.ActiveCfg = Debug|x64
		{69114731-2C98-4D29-827C-E941198E30ED}.Debug|x64.Build.0 = Debug|x64
		{69114731-2C98-4D29-827C-E941198E30ED}.Debug|x86.ActiveCfg = Debug|Win32
		{69114731-2C98-4D29-827C-E941198E30ED}.Debug|x86.Build.0 = Debug|Win32
		{69114731-2C98-4D29-827C-E941198E30ED}.Release|x64.ActiveCfg = Release|x64
		{69114731-2C98-4D29-827C-E941198E30ED}.Release|x64.Build.0 = Release|x64
		{69114731-2C98-4D29-827C-E941198E30ED}.Release|x86.ActiveCfg = Release|Win32
		{69114731-2C98-4D29-827C-E941198E30ED}.Release|x86.Build.0 = Release|Win32
		{7CC59ED5-2723-4C23-BF83-1B3AB3B42555}.Debug|x64.ActiveCfg = Debug|x64
		{7CC59ED5-2723-4C23-BF83-1B3AB3B42555}.Debug|x64.Build.0 = Debug|x64
		{7CC59ED5-2723-4C23-BF83-1B3AB3B42555}.Debug|x86.ActiveCfg = Debug|Win32
		{7CC59ED5-2723-4C23-BF83-1B3AB3B42555}.Debug|x86.Build.0 = Debug|Win32
		{7CC59ED5-2723-4C23-BF83-1B3AB3B42555}.Release|x64.ActiveCfg = Release|x64
		{7CC59ED5-2723-4C23-BF83-1B3AB3B42555}.Release|x64.Build.0 = Release|x64
		{7CC59ED5-2723-4C23-BF83-1B3AB3B42555}.Release|x86.ActiveCfg = Release|Win32
		{7CC59ED5-2723-4C23-BF83-1B3AB3B42555}.Release|x86.Build.0 = Release|Win32
		{35E540E9-AA6F-47CD-9054-6C8110E6CB9D}.Debug|x64.ActiveCfg = Debug|x64
		{35E540E9-AA6F-47CD-9054-6C8110E6CB9D}.Debug|x64.Build.0 = Debug|x64
		{35E540E9-AA6F-47CD-9054-6C8110E6CB9D}.Debug|x86.ActiveCfg = Debug|Win32
		{35E540E9-AA6F-47CD-9054-6C8110E6CB9D}.Debug|x86.Build.0 = Debug|Win32
		{35E540E9-AA6F-47CD-9054-6C8110E6CB9D}.Release|x64.ActiveCfg = Release|x64
		{35E540E9-AA6F-47CD-9054-6C8110E6CB9D}.Release|x64.Build.0 = Release|x64
		{35E540E9-AA6F-47CD-9054-6C8110E6CB9D}.Release|x86.ActiveCfg = Release|Win32
		{35E540E9-AA6F-47CD-9054-6C8110E6CB9D}.Release|x86.Build.0 = Release|Win32
	EndGlobalSection
	GlobalSection(SolutionProperties) = preSolution
		HideSolutionNode = FALSE
	EndGlobalSection
	GlobalSection(ExtensibilityGlobals) = postSolution
		SolutionGuid = {6DE19D75-33F8-46C0-ADF7-A173202966B2}
	EndGlobalSection
EndGlobal
