
Microsoft Visual Studio Solution File, Format Version 12.00
# Visual Studio Version 17
VisualStudioVersion = 17.11.35219.272
MinimumVisualStudioVersion = 10.0.40219.1
Project("{8BC9CEB8-8B4A-11D0-8D11-00A0C91BC942}") = "Pointers", "Pointers.vcxproj", "{7BB991C0-5B2A-453A-8C48-B028CB7DF5C4}"
EndProject
Project("{8BC9CEB8-8B4A-11D0-8D11-00A0C91BC942}") = "ReferencesAndPointers", "..\ReferencesAndPointers\ReferencesAndPointers.vcxproj", "{3B7F02B8-51E7-4B12-B23B-95649896E59E}"
EndProject
Project("{8BC9CEB8-8B4A-11D0-8D11-00A0C91BC942}") = "ArrayNameAsPointers", "..\ArrayNameAsPointers\ArrayNameAsPointers.vcxproj", "{F5FCAFDB-D4B2-409A-B915-D34FB3C7627B}"
EndProject
Project("{8BC9CEB8-8B4A-11D0-8D11-00A0C91BC942}") = "FunctionPointers", "..\FunctionPointers\FunctionPointers.vcxproj", "{3E055638-AF76-4400-9AC7-CF473AD0F06F}"
EndProject
Project("{8BC9CEB8-8B4A-11D0-8D11-00A0C91BC942}") = "CallbackFunctionPointers", "..\CallbackFunctionPointers\CallbackFunctionPointers.vcxproj", "{A7F2AB7E-518D-4195-95C9-1EC79B03450C}"
EndProject
Project("{8BC9CEB8-8B4A-11D0-8D11-00A0C91BC942}") = "FunctionPointersPolimorphism", "..\FunctionPointersPolimorphism\FunctionPointersPolimorphism.vcxproj", "{A93A52CC-E3E6-4C03-B694-51C7EF1C9330}"
EndProject
Project("{8BC9CEB8-8B4A-11D0-8D11-00A0C91BC942}") = "RecapPointers", "..\RecapPointers\RecapPointers.vcxproj", "{1108EC45-A6EA-4CEE-B51C-BCBA700BB771}"
EndProject
Global
	GlobalSection(SolutionConfigurationPlatforms) = preSolution
		Debug|x64 = Debug|x64
		Debug|x86 = Debug|x86
		Release|x64 = Release|x64
		Release|x86 = Release|x86
	EndGlobalSection
	GlobalSection(ProjectConfigurationPlatforms) = postSolution
		{7BB991C0-5B2A-453A-8C48-B028CB7DF5C4}.Debug|x64.ActiveCfg = Debug|x64
		{7BB991C0-5B2A-453A-8C48-B028CB7DF5C4}.Debug|x64.Build.0 = Debug|x64
		{7BB991C0-5B2A-453A-8C48-B028CB7DF5C4}.Debug|x86.ActiveCfg = Debug|Win32
		{7BB991C0-5B2A-453A-8C48-B028CB7DF5C4}.Debug|x86.Build.0 = Debug|Win32
		{7BB991C0-5B2A-453A-8C48-B028CB7DF5C4}.Release|x64.ActiveCfg = Release|x64
		{7BB991C0-5B2A-453A-8C48-B028CB7DF5C4}.Release|x64.Build.0 = Release|x64
		{7BB991C0-5B2A-453A-8C48-B028CB7DF5C4}.Release|x86.ActiveCfg = Release|Win32
		{7BB991C0-5B2A-453A-8C48-B028CB7DF5C4}.Release|x86.Build.0 = Release|Win32
		{3B7F02B8-51E7-4B12-B23B-95649896E59E}.Debug|x64.ActiveCfg = Debug|x64
		{3B7F02B8-51E7-4B12-B23B-95649896E59E}.Debug|x64.Build.0 = Debug|x64
		{3B7F02B8-51E7-4B12-B23B-95649896E59E}.Debug|x86.ActiveCfg = Debug|Win32
		{3B7F02B8-51E7-4B12-B23B-95649896E59E}.Debug|x86.Build.0 = Debug|Win32
		{3B7F02B8-51E7-4B12-B23B-95649896E59E}.Release|x64.ActiveCfg = Release|x64
		{3B7F02B8-51E7-4B12-B23B-95649896E59E}.Release|x64.Build.0 = Release|x64
		{3B7F02B8-51E7-4B12-B23B-95649896E59E}.Release|x86.ActiveCfg = Release|Win32
		{3B7F02B8-51E7-4B12-B23B-95649896E59E}.Release|x86.Build.0 = Release|Win32
		{F5FCAFDB-D4B2-409A-B915-D34FB3C7627B}.Debug|x64.ActiveCfg = Debug|x64
		{F5FCAFDB-D4B2-409A-B915-D34FB3C7627B}.Debug|x64.Build.0 = Debug|x64
		{F5FCAFDB-D4B2-409A-B915-D34FB3C7627B}.Debug|x86.ActiveCfg = Debug|Win32
		{F5FCAFDB-D4B2-409A-B915-D34FB3C7627B}.Debug|x86.Build.0 = Debug|Win32
		{F5FCAFDB-D4B2-409A-B915-D34FB3C7627B}.Release|x64.ActiveCfg = Release|x64
		{F5FCAFDB-D4B2-409A-B915-D34FB3C7627B}.Release|x64.Build.0 = Release|x64
		{F5FCAFDB-D4B2-409A-B915-D34FB3C7627B}.Release|x86.ActiveCfg = Release|Win32
		{F5FCAFDB-D4B2-409A-B915-D34FB3C7627B}.Release|x86.Build.0 = Release|Win32
		{3E055638-AF76-4400-9AC7-CF473AD0F06F}.Debug|x64.ActiveCfg = Debug|x64
		{3E055638-AF76-4400-9AC7-CF473AD0F06F}.Debug|x64.Build.0 = Debug|x64
		{3E055638-AF76-4400-9AC7-CF473AD0F06F}.Debug|x86.ActiveCfg = Debug|Win32
		{3E055638-AF76-4400-9AC7-CF473AD0F06F}.Debug|x86.Build.0 = Debug|Win32
		{3E055638-AF76-4400-9AC7-CF473AD0F06F}.Release|x64.ActiveCfg = Release|x64
		{3E055638-AF76-4400-9AC7-CF473AD0F06F}.Release|x64.Build.0 = Release|x64
		{3E055638-AF76-4400-9AC7-CF473AD0F06F}.Release|x86.ActiveCfg = Release|Win32
		{3E055638-AF76-4400-9AC7-CF473AD0F06F}.Release|x86.Build.0 = Release|Win32
		{A7F2AB7E-518D-4195-95C9-1EC79B03450C}.Debug|x64.ActiveCfg = Debug|x64
		{A7F2AB7E-518D-4195-95C9-1EC79B03450C}.Debug|x64.Build.0 = Debug|x64
		{A7F2AB7E-518D-4195-95C9-1EC79B03450C}.Debug|x86.ActiveCfg = Debug|Win32
		{A7F2AB7E-518D-4195-95C9-1EC79B03450C}.Debug|x86.Build.0 = Debug|Win32
		{A7F2AB7E-518D-4195-95C9-1EC79B03450C}.Release|x64.ActiveCfg = Release|x64
		{A7F2AB7E-518D-4195-95C9-1EC79B03450C}.Release|x64.Build.0 = Release|x64
		{A7F2AB7E-518D-4195-95C9-1EC79B03450C}.Release|x86.ActiveCfg = Release|Win32
		{A7F2AB7E-518D-4195-95C9-1EC79B03450C}.Release|x86.Build.0 = Release|Win32
		{A93A52CC-E3E6-4C03-B694-51C7EF1C9330}.Debug|x64.ActiveCfg = Debug|x64
		{A93A52CC-E3E6-4C03-B694-51C7EF1C9330}.Debug|x64.Build.0 = Debug|x64
		{A93A52CC-E3E6-4C03-B694-51C7EF1C9330}.Debug|x86.ActiveCfg = Debug|Win32
		{A93A52CC-E3E6-4C03-B694-51C7EF1C9330}.Debug|x86.Build.0 = Debug|Win32
		{A93A52CC-E3E6-4C03-B694-51C7EF1C9330}.Release|x64.ActiveCfg = Release|x64
		{A93A52CC-E3E6-4C03-B694-51C7EF1C9330}.Release|x64.Build.0 = Release|x64
		{A93A52CC-E3E6-4C03-B694-51C7EF1C9330}.Release|x86.ActiveCfg = Release|Win32
		{A93A52CC-E3E6-4C03-B694-51C7EF1C9330}.Release|x86.Build.0 = Release|Win32
		{1108EC45-A6EA-4CEE-B51C-BCBA700BB771}.Debug|x64.ActiveCfg = Debug|x64
		{1108EC45-A6EA-4CEE-B51C-BCBA700BB771}.Debug|x64.Build.0 = Debug|x64
		{1108EC45-A6EA-4CEE-B51C-BCBA700BB771}.Debug|x86.ActiveCfg = Debug|Win32
		{1108EC45-A6EA-4CEE-B51C-BCBA700BB771}.Debug|x86.Build.0 = Debug|Win32
		{1108EC45-A6EA-4CEE-B51C-BCBA700BB771}.Release|x64.ActiveCfg = Release|x64
		{1108EC45-A6EA-4CEE-B51C-BCBA700BB771}.Release|x64.Build.0 = Release|x64
		{1108EC45-A6EA-4CEE-B51C-BCBA700BB771}.Release|x86.ActiveCfg = Release|Win32
		{1108EC45-A6EA-4CEE-B51C-BCBA700BB771}.Release|x86.Build.0 = Release|Win32
	EndGlobalSection
	GlobalSection(SolutionProperties) = preSolution
		HideSolutionNode = FALSE
	EndGlobalSection
	GlobalSection(ExtensibilityGlobals) = postSolution
		SolutionGuid = {BF9F0D05-6C4D-4993-A5EF-824593916666}
	EndGlobalSection
EndGlobal
