
Microsoft Visual Studio Solution File, Format Version 12.00
# Visual Studio Version 17
VisualStudioVersion = 17.10.35201.131
MinimumVisualStudioVersion = 10.0.40219.1
Project("{8BC9CEB8-8B4A-11D0-8D11-00A0C91BC942}") = "Template", "ConsoleApplication1.vcxproj", "{3EA9D65D-F076-4FC6-A573-9B658C1536CD}"
EndProject
Project("{8BC9CEB8-8B4A-11D0-8D11-00A0C91BC942}") = "Templates2", "..\Templates2\Templates2.vcxproj", "{ED4C1978-C1E3-445C-A9D2-079113012EA9}"
EndProject
Project("{8BC9CEB8-8B4A-11D0-8D11-00A0C91BC942}") = "TemplateSort", "..\TemplateSort\TemplateSort.vcxproj", "{6A71210F-1847-45E9-9B89-A4993BC14E9B}"
EndProject
Project("{8BC9CEB8-8B4A-11D0-8D11-00A0C91BC942}") = "TemplateClassColection", "..\TemplateClassColection\TemplateClassColection.vcxproj", "{0FDCD52E-25AA-4CE0-9F41-B6D7B0203BAD}"
EndProject
Project("{8BC9CEB8-8B4A-11D0-8D11-00A0C91BC942}") = "NonTypeTemplates", "..\NonTypeTemplates\NonTypeTemplates.vcxproj", "{CEA524EC-1A66-4247-AA7B-0BE13691C7E3}"
EndProject
Global
	GlobalSection(SolutionConfigurationPlatforms) = preSolution
		Debug|x64 = Debug|x64
		Debug|x86 = Debug|x86
		Release|x64 = Release|x64
		Release|x86 = Release|x86
	EndGlobalSection
	GlobalSection(ProjectConfigurationPlatforms) = postSolution
		{3EA9D65D-F076-4FC6-A573-9B658C1536CD}.Debug|x64.ActiveCfg = Debug|x64
		{3EA9D65D-F076-4FC6-A573-9B658C1536CD}.Debug|x64.Build.0 = Debug|x64
		{3EA9D65D-F076-4FC6-A573-9B658C1536CD}.Debug|x86.ActiveCfg = Debug|Win32
		{3EA9D65D-F076-4FC6-A573-9B658C1536CD}.Debug|x86.Build.0 = Debug|Win32
		{3EA9D65D-F076-4FC6-A573-9B658C1536CD}.Release|x64.ActiveCfg = Release|x64
		{3EA9D65D-F076-4FC6-A573-9B658C1536CD}.Release|x64.Build.0 = Release|x64
		{3EA9D65D-F076-4FC6-A573-9B658C1536CD}.Release|x86.ActiveCfg = Release|Win32
		{3EA9D65D-F076-4FC6-A573-9B658C1536CD}.Release|x86.Build.0 = Release|Win32
		{ED4C1978-C1E3-445C-A9D2-079113012EA9}.Debug|x64.ActiveCfg = Debug|x64
		{ED4C1978-C1E3-445C-A9D2-079113012EA9}.Debug|x64.Build.0 = Debug|x64
		{ED4C1978-C1E3-445C-A9D2-079113012EA9}.Debug|x86.ActiveCfg = Debug|Win32
		{ED4C1978-C1E3-445C-A9D2-079113012EA9}.Debug|x86.Build.0 = Debug|Win32
		{ED4C1978-C1E3-445C-A9D2-079113012EA9}.Release|x64.ActiveCfg = Release|x64
		{ED4C1978-C1E3-445C-A9D2-079113012EA9}.Release|x64.Build.0 = Release|x64
		{ED4C1978-C1E3-445C-A9D2-079113012EA9}.Release|x86.ActiveCfg = Release|Win32
		{ED4C1978-C1E3-445C-A9D2-079113012EA9}.Release|x86.Build.0 = Release|Win32
		{6A71210F-1847-45E9-9B89-A4993BC14E9B}.Debug|x64.ActiveCfg = Debug|x64
		{6A71210F-1847-45E9-9B89-A4993BC14E9B}.Debug|x64.Build.0 = Debug|x64
		{6A71210F-1847-45E9-9B89-A4993BC14E9B}.Debug|x86.ActiveCfg = Debug|Win32
		{6A71210F-1847-45E9-9B89-A4993BC14E9B}.Debug|x86.Build.0 = Debug|Win32
		{6A71210F-1847-45E9-9B89-A4993BC14E9B}.Release|x64.ActiveCfg = Release|x64
		{6A71210F-1847-45E9-9B89-A4993BC14E9B}.Release|x64.Build.0 = Release|x64
		{6A71210F-1847-45E9-9B89-A4993BC14E9B}.Release|x86.ActiveCfg = Release|Win32
		{6A71210F-1847-45E9-9B89-A4993BC14E9B}.Release|x86.Build.0 = Release|Win32
		{0FDCD52E-25AA-4CE0-9F41-B6D7B0203BAD}.Debug|x64.ActiveCfg = Debug|x64
		{0FDCD52E-25AA-4CE0-9F41-B6D7B0203BAD}.Debug|x64.Build.0 = Debug|x64
		{0FDCD52E-25AA-4CE0-9F41-B6D7B0203BAD}.Debug|x86.ActiveCfg = Debug|Win32
		{0FDCD52E-25AA-4CE0-9F41-B6D7B0203BAD}.Debug|x86.Build.0 = Debug|Win32
		{0FDCD52E-25AA-4CE0-9F41-B6D7B0203BAD}.Release|x64.ActiveCfg = Release|x64
		{0FDCD52E-25AA-4CE0-9F41-B6D7B0203BAD}.Release|x64.Build.0 = Release|x64
		{0FDCD52E-25AA-4CE0-9F41-B6D7B0203BAD}.Release|x86.ActiveCfg = Release|Win32
		{0FDCD52E-25AA-4CE0-9F41-B6D7B0203BAD}.Release|x86.Build.0 = Release|Win32
		{CEA524EC-1A66-4247-AA7B-0BE13691C7E3}.Debug|x64.ActiveCfg = Debug|x64
		{CEA524EC-1A66-4247-AA7B-0BE13691C7E3}.Debug|x64.Build.0 = Debug|x64
		{CEA524EC-1A66-4247-AA7B-0BE13691C7E3}.Debug|x86.ActiveCfg = Debug|Win32
		{CEA524EC-1A66-4247-AA7B-0BE13691C7E3}.Debug|x86.Build.0 = Debug|Win32
		{CEA524EC-1A66-4247-AA7B-0BE13691C7E3}.Release|x64.ActiveCfg = Release|x64
		{CEA524EC-1A66-4247-AA7B-0BE13691C7E3}.Release|x64.Build.0 = Release|x64
		{CEA524EC-1A66-4247-AA7B-0BE13691C7E3}.Release|x86.ActiveCfg = Release|Win32
		{CEA524EC-1A66-4247-AA7B-0BE13691C7E3}.Release|x86.Build.0 = Release|Win32
	EndGlobalSection
	GlobalSection(SolutionProperties) = preSolution
		HideSolutionNode = FALSE
	EndGlobalSection
	GlobalSection(ExtensibilityGlobals) = postSolution
		SolutionGuid = {74717670-EE51-4998-9099-28A6D0AEE14F}
	EndGlobalSection
EndGlobal
